// !$*UTF8*$!
{
	archiveVersion = 1;
	classes = {
	};
	objectVersion = 77;
	objects = {

/* Begin PBXContainerItemProxy section */
		C890472CCDFDCD1755BED3EE /* PBXContainerItemProxy */ = {
			isa = PBXContainerItemProxy;
			containerPortal = 64DE4F1CE809025AF65F8500 /* Project object */;
			proxyType = 1;
			remoteGlobalIDString = 7CC97EA5599EE99B614CC00E;
			remoteInfo = OpenCue;
		};
		EDD56FD99FB32903E7608D9C /* PBXContainerItemProxy */ = {
			isa = PBXContainerItemProxy;
			containerPortal = 64DE4F1CE809025AF65F8500 /* Project object */;
			proxyType = 1;
			remoteGlobalIDString = 7CC97EA5599EE99B614CC00E;
			remoteInfo = OpenCue;
		};
/* End PBXContainerItemProxy section */

/* Begin PBXFileReference section */
		51D2AEB127E6D9A5C08BEFC0 /* OpenCueUITests.xctest */ = {isa = PBXFileReference; explicitFileType = wrapper.cfbundle; includeInIndex = 0; path = OpenCueUITests.xctest; sourceTree = BUILT_PRODUCTS_DIR; };
		9A13A101EEDFD3C4A8D4D3A8 /* OpenCueTests.xctest */ = {isa = PBXFileReference; explicitFileType = wrapper.cfbundle; includeInIndex = 0; path = OpenCueTests.xctest; sourceTree = BUILT_PRODUCTS_DIR; };
		BF8EDCB8616963343F48ADD5 /* OpenCue.app */ = {isa = PBXFileReference; explicitFileType = wrapper.application; includeInIndex = 0; path = OpenCue.app; sourceTree = BUILT_PRODUCTS_DIR; };
/* End PBXFileReference section */

/* Begin PBXFileSystemSynchronizedRootGroup section */
		5CF2FD432FDA0B3A00572294 /* OpenCueTests */ = {
			isa = PBXFileSystemSynchronizedRootGroup;
			path = OpenCueTests;
			sourceTree = "<group>";
		};
		5CF2FD942FDA0B4B00572294 /* OpenCue */ = {
			isa = PBXFileSystemSynchronizedRootGroup;
			path = OpenCue;
			sourceTree = "<group>";
		};
/* End PBXFileSystemSynchronizedRootGroup section */

/* Begin PBXGroup section */
		03A77550DE70A1519C75999C = {
			isa = PBXGroup;
			children = (
				5CF2FD942FDA0B4B00572294 /* OpenCue */,
				5CF2FD432FDA0B3A00572294 /* OpenCueTests */,
				72265DAFFC5AEE4372E38089 /* Products */,
			);
			sourceTree = "<group>";
		};
		72265DAFFC5AEE4372E38089 /* Products */ = {
			isa = PBXGroup;
			children = (
				BF8EDCB8616963343F48ADD5 /* OpenCue.app */,
				9A13A101EEDFD3C4A8D4D3A8 /* OpenCueTests.xctest */,
				51D2AEB127E6D9A5C08BEFC0 /* OpenCueUITests.xctest */,
			);
			name = Products;
			sourceTree = "<group>";
		};
/* End PBXGroup section */

/* Begin PBXNativeTarget section */
		58797CF60FCC266A2F534259 /* OpenCueTests */ = {
			isa = PBXNativeTarget;
			buildConfigurationList = F8AB2ED5FDD77D971BA807A7 /* Build configuration list for PBXNativeTarget "OpenCueTests" */;
			buildPhases = (
				EF817588DAF0B83F74DE9197 /* Sources */,
			);
			buildRules = (
			);
			dependencies = (
				828C30E357398B79B92EB2C2 /* PBXTargetDependency */,
			);
			fileSystemSynchronizedGroups = (
				5CF2FD432FDA0B3A00572294 /* OpenCueTests */,
			);
			name = OpenCueTests;
			packageProductDependencies = (
			);
			productName = OpenCueTests;
			productReference = 9A13A101EEDFD3C4A8D4D3A8 /* OpenCueTests.xctest */;
			productType = "com.apple.product-type.bundle.unit-test";
		};
		7CC97EA5599EE99B614CC00E /* OpenCue */ = {
			isa = PBXNativeTarget;
			buildConfigurationList = EE9C56770EC9C83D88FFC86A /* Build configuration list for PBXNativeTarget "OpenCue" */;
			buildPhases = (
				67300F7FD86B0876F776446D /* Sources */,
				3BB5D62A22EC765CE8AB61ED /* Resources */,
			);
			buildRules = (
			);
			dependencies = (
			);
			fileSystemSynchronizedGroups = (
				5CF2FD942FDA0B4B00572294 /* OpenCue */,
			);
			name = OpenCue;
			packageProductDependencies = (
			);
			productName = OpenCue;
			productReference = BF8EDCB8616963343F48ADD5 /* OpenCue.app */;
			productType = "com.apple.product-type.application";
		};
		D08C3994321F725BF36A8EAB /* OpenCueUITests */ = {
			isa = PBXNativeTarget;
			buildConfigurationList = 9FB89D1A44BDD5523BF0A571 /* Build configuration list for PBXNativeTarget "OpenCueUITests" */;
			buildPhases = (
				85D662BECC9D2F95156EBABF /* Sources */,
			);
			buildRules = (
			);
			dependencies = (
				6135AFADB53CB7963144E780 /* PBXTargetDependency */,
			);
			name = OpenCueUITests;
			packageProductDependencies = (
			);
			productName = OpenCueUITests;
			productReference = 51D2AEB127E6D9A5C08BEFC0 /* OpenCueUITests.xctest */;
			productType = "com.apple.product-type.bundle.ui-testing";
		};
/* End PBXNativeTarget section */

/* Begin PBXProject section */
		64DE4F1CE809025AF65F8500 /* Project object */ = {
			isa = PBXProject;
			attributes = {
				BuildIndependentTargetsInParallel = YES;
				LastUpgradeCheck = 1430;
				TargetAttributes = {
					58797CF60FCC266A2F534259 = {
						DevelopmentTeam = 55A5VSLH99;
						ProvisioningStyle = Automatic;
					};
					7CC97EA5599EE99B614CC00E = {
						DevelopmentTeam = 55A5VSLH99;
						ProvisioningStyle = Automatic;
					};
					D08C3994321F725BF36A8EAB = {
						DevelopmentTeam = 55A5VSLH99;
						ProvisioningStyle = Automatic;
						TestTargetID = 7CC97EA5599EE99B614CC00E;
					};
				};
			};
			buildConfigurationList = A314464DB18EE9E796EF5365 /* Build configuration list for PBXProject "OpenCue" */;
			developmentRegion = en;
			hasScannedForEncodings = 0;
			knownRegions = (
				Base,
				en,
			);
			mainGroup = 03A77550DE70A1519C75999C;
			minimizedProjectReferenceProxies = 1;
			preferredProjectObjectVersion = 77;
			productRefGroup = 72265DAFFC5AEE4372E38089 /* Products */;
			projectDirPath = "";
			projectRoot = "";
			targets = (
				7CC97EA5599EE99B614CC00E /* OpenCue */,
				58797CF60FCC266A2F534259 /* OpenCueTests */,
				D08C3994321F725BF36A8EAB /* OpenCueUITests */,
			);
		};
/* End PBXProject section */

/* Begin PBXResourcesBuildPhase section */
		3BB5D62A22EC765CE8AB61ED /* Resources */ = {
			isa = PBXResourcesBuildPhase;
			buildActionMask = 2147483647;
			files = (
			);
			runOnlyForDeploymentPostprocessing = 0;
		};
/* End PBXResourcesBuildPhase section */

/* Begin PBXSourcesBuildPhase section */
		67300F7FD86B0876F776446D /* Sources */ = {
			isa = PBXSourcesBuildPhase;
			buildActionMask = 2147483647;
			files = (
			);
			runOnlyForDeploymentPostprocessing = 0;
		};
		85D662BECC9D2F95156EBABF /* Sources */ = {
			isa = PBXSourcesBuildPhase;
			buildActionMask = 2147483647;
			files = (
			);
			runOnlyForDeploymentPostprocessing = 0;
		};
		EF817588DAF0B83F74DE9197 /* Sources */ = {
			isa = PBXSourcesBuildPhase;
			buildActionMask = 2147483647;
			files = (
			);
			runOnlyForDeploymentPostprocessing = 0;
		};
/* End PBXSourcesBuildPhase section */

/* Begin PBXTargetDependency section */
		6135AFADB53CB7963144E780 /* PBXTargetDependency */ = {
			isa = PBXTargetDependency;
			target = 7CC97EA5599EE99B614CC00E /* OpenCue */;
			targetProxy = EDD56FD99FB32903E7608D9C /* PBXContainerItemProxy */;
		};
		828C30E357398B79B92EB2C2 /* PBXTargetDependency */ = {
			isa = PBXTargetDependency;
			target = 7CC97EA5599EE99B614CC00E /* OpenCue */;
			targetProxy = C890472CCDFDCD1755BED3EE /* PBXContainerItemProxy */;
		};
/* End PBXTargetDependency section */

/* Begin XCBuildConfiguration section */
		0821474DFDBCC939DA44FD73 /* Release */ = {
			isa = XCBuildConfiguration;
			buildSettings = {
				BUNDLE_LOADER = "$(TEST_HOST)";
				CODE_SIGN_STYLE = Automatic;
				COMBINE_HIDPI_IMAGES = YES;
				DEVELOPMENT_TEAM = 55A5VSLH99;
				GENERATE_INFOPLIST_FILE = YES;
				LD_RUNPATH_SEARCH_PATHS = (
					"$(inherited)",
					"@executable_path/Frameworks",
					"@loader_path/Frameworks",
				);
				PRODUCT_BUNDLE_IDENTIFIER = com.opencue.OpenCueUITests;
				SDKROOT = macosx;
				SWIFT_VERSION = 5.0;
				TEST_TARGET_NAME = OpenCue;
			};
			name = Release;
		};
		0ADF0ED04F34999BE8AD12F0 /* Debug */ = {
			isa = XCBuildConfiguration;
			buildSettings = {
				ALWAYS_SEARCH_USER_PATHS = NO;
				CLANG_ANALYZER_NONNULL = YES;
				CLANG_ANALYZER_NUMBER_OBJECT_CONVERSION = YES_AGGRESSIVE;
				CLANG_CXX_LANGUAGE_STANDARD = "gnu++14";
				CLANG_CXX_LIBRARY = "libc++";
				CLANG_ENABLE_MODULES = YES;
				CLANG_ENABLE_OBJC_ARC = YES;
				CLANG_ENABLE_OBJC_WEAK = YES;
				CLANG_WARN_BLOCK_CAPTURE_AUTORELEASING = YES;
				CLANG_WARN_BOOL_CONVERSION = YES;
				CLANG_WARN_COMMA = YES;
				CLANG_WARN_CONSTANT_CONVERSION = YES;
				CLANG_WARN_DEPRECATED_OBJC_IMPLEMENTATIONS = YES;
				CLANG_WARN_DIRECT_OBJC_ISA_USAGE = YES_ERROR;
				CLANG_WARN_DOCUMENTATION_COMMENTS = YES;
				CLANG_WARN_EMPTY_BODY = YES;
				CLANG_WARN_ENUM_CONVERSION = YES;
				CLANG_WARN_INFINITE_RECURSION = YES;
				CLANG_WARN_INT_CONVERSION = YES;
				CLANG_WARN_NON_LITERAL_NULL_CONVERSION = YES;
				CLANG_WARN_OBJC_IMPLICIT_RETAIN_SELF = YES;
				CLANG_WARN_OBJC_LITERAL_CONVERSION = YES;
				CLANG_WARN_OBJC_ROOT_CLASS = YES_ERROR;
				CLANG_WARN_QUOTED_INCLUDE_IN_FRAMEWORK_HEADER = YES;
				CLANG_WARN_RANGE_LOOP_ANALYSIS = YES;
				CLANG_WARN_STRICT_PROTOTYPES = YES;
				CLANG_WARN_SUSPICIOUS_MOVE = YES;
				CLANG_WARN_UNGUARDED_AVAILABILITY = YES_AGGRESSIVE;
				CLANG_WARN_UNREACHABLE_CODE = YES;
				CLANG_WARN__DUPLICATE_METHOD_MATCH = YES;
				COPY_PHASE_STRIP = NO;
				DEBUG_INFORMATION_FORMAT = dwarf;
				ENABLE_STRICT_OBJC_MSGSEND = YES;
				ENABLE_TESTABILITY = YES;
				GCC_C_LANGUAGE_STANDARD = gnu11;
				GCC_DYNAMIC_NO_PIC = NO;
				GCC_NO_COMMON_BLOCKS = YES;
				GCC_OPTIMIZATION_LEVEL = 0;
				GCC_PREPROCESSOR_DEFINITIONS = (
					"$(inherited)",
					"DEBUG=1",
				);
				GCC_WARN_64_TO_32_BIT_CONVERSION = YES;
				GCC_WARN_ABOUT_RETURN_TYPE = YES_ERROR;
				GCC_WARN_UNDECLARED_SELECTOR = YES;
				GCC_WARN_UNINITIALIZED_AUTOS = YES_AGGRESSIVE;
				GCC_WARN_UNUSED_FUNCTION = YES;
				GCC_WARN_UNUSED_VARIABLE = YES;
				MACOSX_DEPLOYMENT_TARGET = 14.0;
				MTL_ENABLE_DEBUG_INFO = INCLUDE_SOURCE;
				MTL_FAST_MATH = YES;
				ONLY_ACTIVE_ARCH = YES;
				PRODUCT_NAME = "$(TARGET_NAME)";
				SDKROOT = macosx;
				SWIFT_ACTIVE_COMPILATION_CONDITIONS = DEBUG;
				SWIFT_OPTIMIZATION_LEVEL = "-Onone";
				SWIFT_VERSION = 5.0;
			};
			name = Debug;
		};
		192EAE124CEE86E4CA729541 /* Release */ = {
			isa = XCBuildConfiguration;
			buildSettings = {
				ALWAYS_SEARCH_USER_PATHS = NO;
				CLANG_ANALYZER_NONNULL = YES;
				CLANG_ANALYZER_NUMBER_OBJECT_CONVERSION = YES_AGGRESSIVE;
				CLANG_CXX_LANGUAGE_STANDARD = "gnu++14";
				CLANG_CXX_LIBRARY = "libc++";
				CLANG_ENABLE_MODULES = YES;
				CLANG_ENABLE_OBJC_ARC = YES;
				CLANG_ENABLE_OBJC_WEAK = YES;
				CLANG_WARN_BLOCK_CAPTURE_AUTORELEASING = YES;
				CLANG_WARN_BOOL_CONVERSION = YES;
				CLANG_WARN_COMMA = YES;
				CLANG_WARN_CONSTANT_CONVERSION = YES;
				CLANG_WARN_DEPRECATED_OBJC_IMPLEMENTATIONS = YES;
				CLANG_WARN_DIRECT_OBJC_ISA_USAGE = YES_ERROR;
				CLANG_WARN_DOCUMENTATION_COMMENTS = YES;
				CLANG_WARN_EMPTY_BODY = YES;
				CLANG_WARN_ENUM_CONVERSION = YES;
				CLANG_WARN_INFINITE_RECURSION = YES;
				CLANG_WARN_INT_CONVERSION = YES;
				CLANG_WARN_NON_LITERAL_NULL_CONVERSION = YES;
				CLANG_WARN_OBJC_IMPLICIT_RETAIN_SELF = YES;
				CLANG_WARN_OBJC_LITERAL_CONVERSION = YES;
				CLANG_WARN_OBJC_ROOT_CLASS = YES_ERROR;
				CLANG_WARN_QUOTED_INCLUDE_IN_FRAMEWORK_HEADER = YES;
				CLANG_WARN_RANGE_LOOP_ANALYSIS = YES;
				CLANG_WARN_STRICT_PROTOTYPES = YES;
				CLANG_WARN_SUSPICIOUS_MOVE = YES;
				CLANG_WARN_UNGUARDED_AVAILABILITY = YES_AGGRESSIVE;
				CLANG_WARN_UNREACHABLE_CODE = YES;
				CLANG_WARN__DUPLICATE_METHOD_MATCH = YES;
				COPY_PHASE_STRIP = NO;
				DEBUG_INFORMATION_FORMAT = "dwarf-with-dsym";
				ENABLE_NS_ASSERTIONS = NO;
				ENABLE_STRICT_OBJC_MSGSEND = YES;
				GCC_C_LANGUAGE_STANDARD = gnu11;
				GCC_NO_COMMON_BLOCKS = YES;
				GCC_WARN_64_TO_32_BIT_CONVERSION = YES;
				GCC_WARN_ABOUT_RETURN_TYPE = YES_ERROR;
				GCC_WARN_UNDECLARED_SELECTOR = YES;
				GCC_WARN_UNINITIALIZED_AUTOS = YES_AGGRESSIVE;
				GCC_WARN_UNUSED_FUNCTION = YES;
				GCC_WARN_UNUSED_VARIABLE = YES;
				MACOSX_DEPLOYMENT_TARGET = 14.0;
				MTL_ENABLE_DEBUG_INFO = NO;
				MTL_FAST_MATH = YES;
				PRODUCT_NAME = "$(TARGET_NAME)";
				SDKROOT = macosx;
				SWIFT_COMPILATION_MODE = wholemodule;
				SWIFT_OPTIMIZATION_LEVEL = "-O";
				SWIFT_VERSION = 5.0;
			};
			name = Release;
		};
		263FA9889A9ABDE1EAC3EC30 /* Release */ = {
			isa = XCBuildConfiguration;
			buildSettings = {
				ASSETCATALOG_COMPILER_APPICON_NAME = AppIcon;
				CODE_SIGN_STYLE = Automatic;
				COMBINE_HIDPI_IMAGES = YES;
				CURRENT_PROJECT_VERSION = 4;
				DEVELOPMENT_TEAM = 55A5VSLH99;
				ENABLE_HARDENED_RUNTIME = YES;
				ENABLE_PREVIEWS = YES;
				GENERATE_INFOPLIST_FILE = YES;
				INFOPLIST_KEY_NSHumanReadableCopyright = "Copyright © 2026 Mt. Aden LLC. All rights reserved.";
				LD_RUNPATH_SEARCH_PATHS = (
					"$(inherited)",
					"@executable_path/../Frameworks",
				);
				MARKETING_VERSION = 1.0.0;
				PRODUCT_BUNDLE_IDENTIFIER = com.opencue.OpenCue;
				SDKROOT = macosx;
				SWIFT_VERSION = 5.0;
			};
			name = Release;
		};
		3E9C9D49112703A9F6B6FB71 /* Debug */ = {
			isa = XCBuildConfiguration;
			buildSettings = {
				BUNDLE_LOADER = "$(TEST_HOST)";
				CODE_SIGN_STYLE = Automatic;
				COMBINE_HIDPI_IMAGES = YES;
				DEVELOPMENT_TEAM = 55A5VSLH99;
				GENERATE_INFOPLIST_FILE = YES;
				LD_RUNPATH_SEARCH_PATHS = (
					"$(inherited)",
					"@executable_path/Frameworks",
					"@loader_path/Frameworks",
				);
				PRODUCT_BUNDLE_IDENTIFIER = com.opencue.OpenCueUITests;
				SDKROOT = macosx;
				SWIFT_VERSION = 5.0;
				TEST_TARGET_NAME = OpenCue;
			};
			name = Debug;
		};
		6C19AC3F4E7DC521F3EFF964 /* Debug */ = {
			isa = XCBuildConfiguration;
			buildSettings = {
				BUNDLE_LOADER = "$(TEST_HOST)";
				CODE_SIGN_STYLE = Automatic;
				COMBINE_HIDPI_IMAGES = YES;
				DEVELOPMENT_TEAM = 55A5VSLH99;
				GENERATE_INFOPLIST_FILE = YES;
				LD_RUNPATH_SEARCH_PATHS = (
					"$(inherited)",
					"@executable_path/../Frameworks",
					"@loader_path/../Frameworks",
				);
				PRODUCT_BUNDLE_IDENTIFIER = com.opencue.OpenCueTests;
				SDKROOT = macosx;
				SWIFT_VERSION = 5.0;
				TEST_HOST = "$(BUILT_PRODUCTS_DIR)/OpenCue.app/Contents/MacOS/OpenCue";
			};
			name = Debug;
		};
		8197E8BA78764A043C733307 /* Debug */ = {
			isa = XCBuildConfiguration;
			buildSettings = {
				ASSETCATALOG_COMPILER_APPICON_NAME = AppIcon;
				CODE_SIGN_STYLE = Automatic;
				COMBINE_HIDPI_IMAGES = YES;
				CURRENT_PROJECT_VERSION = 4;
				DEVELOPMENT_TEAM = 55A5VSLH99;
				ENABLE_HARDENED_RUNTIME = YES;
				ENABLE_PREVIEWS = YES;
				GENERATE_INFOPLIST_FILE = YES;
				INFOPLIST_KEY_NSHumanReadableCopyright = "Copyright © 2026 Mt. Aden LLC. All rights reserved.";
				LD_RUNPATH_SEARCH_PATHS = (
					"$(inherited)",
					"@executable_path/../Frameworks",
				);
				MARKETING_VERSION = 1.0.0;
				PRODUCT_BUNDLE_IDENTIFIER = com.opencue.OpenCue;
				SDKROOT = macosx;
				SWIFT_VERSION = 5.0;
			};
			name = Debug;
		};
		C0BDAE1EC99F280EEDB7D713 /* Release */ = {
			isa = XCBuildConfiguration;
			buildSettings = {
				BUNDLE_LOADER = "$(TEST_HOST)";
				CODE_SIGN_STYLE = Automatic;
				COMBINE_HIDPI_IMAGES = YES;
				DEVELOPMENT_TEAM = 55A5VSLH99;
				GENERATE_INFOPLIST_FILE = YES;
				LD_RUNPATH_SEARCH_PATHS = (
					"$(inherited)",
					"@executable_path/../Frameworks",
					"@loader_path/../Frameworks",
				);
				PRODUCT_BUNDLE_IDENTIFIER = com.opencue.OpenCueTests;
				SDKROOT = macosx;
				SWIFT_VERSION = 5.0;
				TEST_HOST = "$(BUILT_PRODUCTS_DIR)/OpenCue.app/Contents/MacOS/OpenCue";
			};
			name = Release;
		};
/* End XCBuildConfiguration section */

/* Begin XCConfigurationList section */
		9FB89D1A44BDD5523BF0A571 /* Build configuration list for PBXNativeTarget "OpenCueUITests" */ = {
			isa = XCConfigurationList;
			buildConfigurations = (
				3E9C9D49112703A9F6B6FB71 /* Debug */,
				0821474DFDBCC939DA44FD73 /* Release */,
			);
			defaultConfigurationIsVisible = 0;
			defaultConfigurationName = Debug;
		};
		A314464DB18EE9E796EF5365 /* Build configuration list for PBXProject "OpenCue" */ = {
			isa = XCConfigurationList;
			buildConfigurations = (
				0ADF0ED04F34999BE8AD12F0 /* Debug */,
				192EAE124CEE86E4CA729541 /* Release */,
			);
			defaultConfigurationIsVisible = 0;
			defaultConfigurationName = Debug;
		};
		EE9C56770EC9C83D88FFC86A /* Build configuration list for PBXNativeTarget "OpenCue" */ = {
			isa = XCConfigurationList;
			buildConfigurations = (
				8197E8BA78764A043C733307 /* Debug */,
				263FA9889A9ABDE1EAC3EC30 /* Release */,
			);
			defaultConfigurationIsVisible = 0;
			defaultConfigurationName = Debug;
		};
		F8AB2ED5FDD77D971BA807A7 /* Build configuration list for PBXNativeTarget "OpenCueTests" */ = {
			isa = XCConfigurationList;
			buildConfigurations = (
				6C19AC3F4E7DC521F3EFF964 /* Debug */,
				C0BDAE1EC99F280EEDB7D713 /* Release */,
			);
			defaultConfigurationIsVisible = 0;
			defaultConfigurationName = Debug;
		};
/* End XCConfigurationList section */
	};
	rootObject = 64DE4F1CE809025AF65F8500 /* Project object */;
}
